
Microsoft Visual Studio Solution File, Format Version 12.00
# Visual Studio Version 17
VisualStudioVersion = 17.5.33502.453
MinimumVisualStudioVersion = 10.0.40219.1
Project("{2150E333-8FDC-42A3-9474-1A3956D46DE8}") = "Microservices", "Microservices", "{0917D4D6-85F2-4257-B21E-6FE53F304184}"
EndProject
Project("{2150E333-8FDC-42A3-9474-1A3956D46DE8}") = "Domain", "Domain", "{0FDFE3CA-4E9F-41E0-935D-19F3FB759EB0}"
EndProject
Project("{2150E333-8FDC-42A3-9474-1A3956D46DE8}") = "Infra.Bus", "Infra.Bus", "{61FABB14-031C-4C1A-A5C7-A8E06699CCBB}"
EndProject
Project("{2150E333-8FDC-42A3-9474-1A3956D46DE8}") = "Infra.IoC", "Infra.IoC", "{B54437AB-23A8-4817-B978-0AEC08B9EFBE}"
EndProject
Project("{2150E333-8FDC-42A3-9474-1A3956D46DE8}") = "Presantation", "Presantation", "{708774D7-7307-4950-81AD-BC3246D5431F}"
EndProject
Project("{9A19103F-16F7-4668-BE54-9A1E7A4F7556}") = "MicroRabbit.Domain.Core", "MicroRabbit.Domain.Core\MicroRabbit.Domain.Core.csproj", "{D5BD4A63-9173-42DC-AEE7-58183F2650D0}"
EndProject
Project("{9A19103F-16F7-4668-BE54-9A1E7A4F7556}") = "MicroRabbit.Infra.Bus", "MicroRabbit.Infra.Bus\MicroRabbit.Infra.Bus.csproj", "{2E2913AC-B202-49C5-A871-0B8135724306}"
EndProject
Project("{9A19103F-16F7-4668-BE54-9A1E7A4F7556}") = "MicroRabbit.Infra.IoC", "MicroRabbit.Infra.IoC\MicroRabbit.Infra.IoC.csproj", "{6B2CA0AD-3D32-4DA0-9BE9-DDAF038BE1A1}"
EndProject
Project("{2150E333-8FDC-42A3-9474-1A3956D46DE8}") = "Banking", "Banking", "{6692BCDC-3C58-4B5C-8A57-7E8B9693036F}"
EndProject
Project("{2150E333-8FDC-42A3-9474-1A3956D46DE8}") = "Api", "Api", "{7B8F1EEB-F684-4574-8684-0C20882B5048}"
EndProject
Project("{2150E333-8FDC-42A3-9474-1A3956D46DE8}") = "Domain", "Domain", "{CA919444-D2C0-4917-8300-1684EDF59F97}"
EndProject
Project("{2150E333-8FDC-42A3-9474-1A3956D46DE8}") = "Application", "Application", "{18871960-B986-4C4C-ABCD-EE26EB3180E8}"
EndProject
Project("{2150E333-8FDC-42A3-9474-1A3956D46DE8}") = "Data", "Data", "{1CDAE30F-8503-49C5-8A09-FBDF21F04C15}"
EndProject
Project("{9A19103F-16F7-4668-BE54-9A1E7A4F7556}") = "MicroRabbit.Banking.Api", "MicroRabbit.Banking.Api\MicroRabbit.Banking.Api.csproj", "{29E1FC06-AB13-4C70-B16A-AFB9C8AF5C79}"
EndProject
Project("{9A19103F-16F7-4668-BE54-9A1E7A4F7556}") = "MicroRabbit.Banking.Application", "MicroRabbit.Banking.Application\MicroRabbit.Banking.Application.csproj", "{54599169-63A2-49A0-8DF3-19FC8DC3496A}"
EndProject
Project("{9A19103F-16F7-4668-BE54-9A1E7A4F7556}") = "MicroRabbit.Banking.Domain", "MicroRabbit.Banking.Domain\MicroRabbit.Banking.Domain.csproj", "{007B6DEB-FC18-4437-85F4-A568B1A63A91}"
EndProject
Project("{9A19103F-16F7-4668-BE54-9A1E7A4F7556}") = "MicroRabbit.Banking.Data", "MicroRabbit.Banking.Data\MicroRabbit.Banking.Data.csproj", "{A7DD6991-B9B1-46D2-9BE1-E088334193D6}"
EndProject
Project("{2150E333-8FDC-42A3-9474-1A3956D46DE8}") = "Transfer", "Transfer", "{F2F967DA-1A69-45F4-B44B-8D515DC4F1EF}"
EndProject
Project("{2150E333-8FDC-42A3-9474-1A3956D46DE8}") = "Api", "Api", "{677AE43A-A411-46D3-BFBA-C1F7454076DC}"
EndProject
Project("{2150E333-8FDC-42A3-9474-1A3956D46DE8}") = "Domain", "Domain", "{171EB036-E69A-4856-88BE-D7ECF3F7FB33}"
EndProject
Project("{2150E333-8FDC-42A3-9474-1A3956D46DE8}") = "Application", "Application", "{04F1E534-84F1-4B20-BB0B-47154F257B74}"
EndProject
Project("{2150E333-8FDC-42A3-9474-1A3956D46DE8}") = "Data", "Data", "{5557AA07-97B7-4D3E-8D98-E9807044F47E}"
EndProject
Project("{9A19103F-16F7-4668-BE54-9A1E7A4F7556}") = "MicroRabbit.Transfer.Api", "MicroRabbit.Transfer.Api\MicroRabbit.Transfer.Api.csproj", "{5596579B-8FD7-457B-865E-A7270978A670}"
EndProject
Project("{9A19103F-16F7-4668-BE54-9A1E7A4F7556}") = "MicroRabbit.Transfer.Application", "MicroRabbit.Transfer.Application\MicroRabbit.Transfer.Application.csproj", "{453E02DA-9EFE-4E4D-9071-D5BB08A7509E}"
EndProject
Project("{9A19103F-16F7-4668-BE54-9A1E7A4F7556}") = "MicroRabbit.Transfer.Data", "MicroRabbit.Transfer.Data\MicroRabbit.Transfer.Data.csproj", "{C74DC3AC-5158-49F1-88D1-2B398B4E7479}"
EndProject
Project("{9A19103F-16F7-4668-BE54-9A1E7A4F7556}") = "MicroRabbit.Transfer.Domain", "MicroRabbit.Transfer.Domain\MicroRabbit.Transfer.Domain.csproj", "{024B2069-F872-4B22-9276-77D695FF046C}"
EndProject
Project("{9A19103F-16F7-4668-BE54-9A1E7A4F7556}") = "MicroRabbit.Wasm.WebUI", "MicroRabbit.Wasm.WebUI\MicroRabbit.Wasm.WebUI.csproj", "{C76DE803-C543-40BF-B2C8-B337C7F908B2}"
EndProject
Global
	GlobalSection(SolutionConfigurationPlatforms) = preSolution
		Debug|Any CPU = Debug|Any CPU
		Release|Any CPU = Release|Any CPU
	EndGlobalSection
	GlobalSection(ProjectConfigurationPlatforms) = postSolution
		{D5BD4A63-9173-42DC-AEE7-58183F2650D0}.Debug|Any CPU.ActiveCfg = Debug|Any CPU
		{D5BD4A63-9173-42DC-AEE7-58183F2650D0}.Debug|Any CPU.Build.0 = Debug|Any CPU
		{D5BD4A63-9173-42DC-AEE7-58183F2650D0}.Release|Any CPU.ActiveCfg = Release|Any CPU
		{D5BD4A63-9173-42DC-AEE7-58183F2650D0}.Release|Any CPU.Build.0 = Release|Any CPU
		{2E2913AC-B202-49C5-A871-0B8135724306}.Debug|Any CPU.ActiveCfg = Debug|Any CPU
		{2E2913AC-B202-49C5-A871-0B8135724306}.Debug|Any CPU.Build.0 = Debug|Any CPU
		{2E2913AC-B202-49C5-A871-0B8135724306}.Release|Any CPU.ActiveCfg = Release|Any CPU
		{2E2913AC-B202-49C5-A871-0B8135724306}.Release|Any CPU.Build.0 = Release|Any CPU
		{6B2CA0AD-3D32-4DA0-9BE9-DDAF038BE1A1}.Debug|Any CPU.ActiveCfg = Debug|Any CPU
		{6B2CA0AD-3D32-4DA0-9BE9-DDAF038BE1A1}.Debug|Any CPU.Build.0 = Debug|Any CPU
		{6B2CA0AD-3D32-4DA0-9BE9-DDAF038BE1A1}.Release|Any CPU.ActiveCfg = Release|Any CPU
		{6B2CA0AD-3D32-4DA0-9BE9-DDAF038BE1A1}.Release|Any CPU.Build.0 = Release|Any CPU
		{29E1FC06-AB13-4C70-B16A-AFB9C8AF5C79}.Debug|Any CPU.ActiveCfg = Debug|Any CPU
		{29E1FC06-AB13-4C70-B16A-AFB9C8AF5C79}.Debug|Any CPU.Build.0 = Debug|Any CPU
		{29E1FC06-AB13-4C70-B16A-AFB9C8AF5C79}.Release|Any CPU.ActiveCfg = Release|Any CPU
		{29E1FC06-AB13-4C70-B16A-AFB9C8AF5C79}.Release|Any CPU.Build.0 = Release|Any CPU
		{54599169-63A2-49A0-8DF3-19FC8DC3496A}.Debug|Any CPU.ActiveCfg = Debug|Any CPU
		{54599169-63A2-49A0-8DF3-19FC8DC3496A}.Debug|Any CPU.Build.0 = Debug|Any CPU
		{54599169-63A2-49A0-8DF3-19FC8DC3496A}.Release|Any CPU.ActiveCfg = Release|Any CPU
		{54599169-63A2-49A0-8DF3-19FC8DC3496A}.Release|Any CPU.Build.0 = Release|Any CPU
		{007B6DEB-FC18-4437-85F4-A568B1A63A91}.Debug|Any CPU.ActiveCfg = Debug|Any CPU
		{007B6DEB-FC18-4437-85F4-A568B1A63A91}.Debug|Any CPU.Build.0 = Debug|Any CPU
		{007B6DEB-FC18-4437-85F4-A568B1A63A91}.Release|Any CPU.ActiveCfg = Release|Any CPU
		{007B6DEB-FC18-4437-85F4-A568B1A63A91}.Release|Any CPU.Build.0 = Release|Any CPU
		{A7DD6991-B9B1-46D2-9BE1-E088334193D6}.Debug|Any CPU.ActiveCfg = Debug|Any CPU
		{A7DD6991-B9B1-46D2-9BE1-E088334193D6}.Debug|Any CPU.Build.0 = Debug|Any CPU
		{A7DD6991-B9B1-46D2-9BE1-E088334193D6}.Release|Any CPU.ActiveCfg = Release|Any CPU
		{A7DD6991-B9B1-46D2-9BE1-E088334193D6}.Release|Any CPU.Build.0 = Release|Any CPU
		{5596579B-8FD7-457B-865E-A7270978A670}.Debug|Any CPU.ActiveCfg = Debug|Any CPU
		{5596579B-8FD7-457B-865E-A7270978A670}.Debug|Any CPU.Build.0 = Debug|Any CPU
		{5596579B-8FD7-457B-865E-A7270978A670}.Release|Any CPU.ActiveCfg = Release|Any CPU
		{5596579B-8FD7-457B-865E-A7270978A670}.Release|Any CPU.Build.0 = Release|Any CPU
		{453E02DA-9EFE-4E4D-9071-D5BB08A7509E}.Debug|Any CPU.ActiveCfg = Debug|Any CPU
		{453E02DA-9EFE-4E4D-9071-D5BB08A7509E}.Debug|Any CPU.Build.0 = Debug|Any CPU
		{453E02DA-9EFE-4E4D-9071-D5BB08A7509E}.Release|Any CPU.ActiveCfg = Release|Any CPU
		{453E02DA-9EFE-4E4D-9071-D5BB08A7509E}.Release|Any CPU.Build.0 = Release|Any CPU
		{C74DC3AC-5158-49F1-88D1-2B398B4E7479}.Debug|Any CPU.ActiveCfg = Debug|Any CPU
		{C74DC3AC-5158-49F1-88D1-2B398B4E7479}.Debug|Any CPU.Build.0 = Debug|Any CPU
		{C74DC3AC-5158-49F1-88D1-2B398B4E7479}.Release|Any CPU.ActiveCfg = Release|Any CPU
		{C74DC3AC-5158-49F1-88D1-2B398B4E7479}.Release|Any CPU.Build.0 = Release|Any CPU
		{024B2069-F872-4B22-9276-77D695FF046C}.Debug|Any CPU.ActiveCfg = Debug|Any CPU
		{024B2069-F872-4B22-9276-77D695FF046C}.Debug|Any CPU.Build.0 = Debug|Any CPU
		{024B2069-F872-4B22-9276-77D695FF046C}.Release|Any CPU.ActiveCfg = Release|Any CPU
		{024B2069-F872-4B22-9276-77D695FF046C}.Release|Any CPU.Build.0 = Release|Any CPU
		{C76DE803-C543-40BF-B2C8-B337C7F908B2}.Debug|Any CPU.ActiveCfg = Debug|Any CPU
		{C76DE803-C543-40BF-B2C8-B337C7F908B2}.Debug|Any CPU.Build.0 = Debug|Any CPU
		{C76DE803-C543-40BF-B2C8-B337C7F908B2}.Release|Any CPU.ActiveCfg = Release|Any CPU
		{C76DE803-C543-40BF-B2C8-B337C7F908B2}.Release|Any CPU.Build.0 = Release|Any CPU
	EndGlobalSection
	GlobalSection(SolutionProperties) = preSolution
		HideSolutionNode = FALSE
	EndGlobalSection
	GlobalSection(NestedProjects) = preSolution
		{D5BD4A63-9173-42DC-AEE7-58183F2650D0} = {0FDFE3CA-4E9F-41E0-935D-19F3FB759EB0}
		{2E2913AC-B202-49C5-A871-0B8135724306} = {61FABB14-031C-4C1A-A5C7-A8E06699CCBB}
		{6B2CA0AD-3D32-4DA0-9BE9-DDAF038BE1A1} = {B54437AB-23A8-4817-B978-0AEC08B9EFBE}
		{6692BCDC-3C58-4B5C-8A57-7E8B9693036F} = {0917D4D6-85F2-4257-B21E-6FE53F304184}
		{7B8F1EEB-F684-4574-8684-0C20882B5048} = {6692BCDC-3C58-4B5C-8A57-7E8B9693036F}
		{CA919444-D2C0-4917-8300-1684EDF59F97} = {6692BCDC-3C58-4B5C-8A57-7E8B9693036F}
		{18871960-B986-4C4C-ABCD-EE26EB3180E8} = {6692BCDC-3C58-4B5C-8A57-7E8B9693036F}
		{1CDAE30F-8503-49C5-8A09-FBDF21F04C15} = {6692BCDC-3C58-4B5C-8A57-7E8B9693036F}
		{29E1FC06-AB13-4C70-B16A-AFB9C8AF5C79} = {7B8F1EEB-F684-4574-8684-0C20882B5048}
		{54599169-63A2-49A0-8DF3-19FC8DC3496A} = {18871960-B986-4C4C-ABCD-EE26EB3180E8}
		{007B6DEB-FC18-4437-85F4-A568B1A63A91} = {CA919444-D2C0-4917-8300-1684EDF59F97}
		{A7DD6991-B9B1-46D2-9BE1-E088334193D6} = {1CDAE30F-8503-49C5-8A09-FBDF21F04C15}
		{F2F967DA-1A69-45F4-B44B-8D515DC4F1EF} = {0917D4D6-85F2-4257-B21E-6FE53F304184}
		{677AE43A-A411-46D3-BFBA-C1F7454076DC} = {F2F967DA-1A69-45F4-B44B-8D515DC4F1EF}
		{171EB036-E69A-4856-88BE-D7ECF3F7FB33} = {F2F967DA-1A69-45F4-B44B-8D515DC4F1EF}
		{04F1E534-84F1-4B20-BB0B-47154F257B74} = {F2F967DA-1A69-45F4-B44B-8D515DC4F1EF}
		{5557AA07-97B7-4D3E-8D98-E9807044F47E} = {F2F967DA-1A69-45F4-B44B-8D515DC4F1EF}
		{5596579B-8FD7-457B-865E-A7270978A670} = {677AE43A-A411-46D3-BFBA-C1F7454076DC}
		{453E02DA-9EFE-4E4D-9071-D5BB08A7509E} = {04F1E534-84F1-4B20-BB0B-47154F257B74}
		{C74DC3AC-5158-49F1-88D1-2B398B4E7479} = {5557AA07-97B7-4D3E-8D98-E9807044F47E}
		{024B2069-F872-4B22-9276-77D695FF046C} = {171EB036-E69A-4856-88BE-D7ECF3F7FB33}
		{C76DE803-C543-40BF-B2C8-B337C7F908B2} = {708774D7-7307-4950-81AD-BC3246D5431F}
	EndGlobalSection
	GlobalSection(ExtensibilityGlobals) = postSolution
		SolutionGuid = {BCD98D2E-E2DF-4DD5-B6DB-5F1A7C8DE777}
	EndGlobalSection
EndGlobal
